
Microsoft Visual Studio Solution File, Format Version 12.00
# Visual Studio Version 16
VisualStudioVersion = 16.0.28803.352
MinimumVisualStudioVersion = 10.0.40219.1
Project("{FAE04EC0-301F-11D3-BF4B-00C04F79EFBC}") = "Zoo", "Zoo\Zoo.csproj", "{C51B7C8A-8F59-4014-9058-FA4F094C7501}"
EndProject
Global
	GlobalSection(SolutionConfigurationPlatforms) = preSolution
		Debug|Any CPU = Debug|Any CPU
		Release|Any CPU = Release|Any CPU
	EndGlobalSection
	GlobalSection(ProjectConfigurationPlatforms) = postSolution
		{C51B7C8A-8F59-4014-9058-FA4F094C7501}.Debug|Any CPU.ActiveCfg = Debug|Any CPU
		{C51B7C8A-8F59-4014-9058-FA4F094C7501}.Debug|Any CPU.Build.0 = Debug|Any CPU
		{C51B7C8A-8F59-4014-9058-FA4F094C7501}.Release|Any CPU.ActiveCfg = Release|Any CPU
		{C51B7C8A-8F59-4014-9058-FA4F094C7501}.Release|Any CPU.Build.0 = Release|Any CPU
	EndGlobalSection
	GlobalSection(SolutionProperties) = preSolution
		HideSolutionNode = FALSE
	EndGlobalSection
	GlobalSection(ExtensibilityGlobals) = postSolution
		SolutionGuid = {96D780D8-EBA6-4479-ADC9-625D21554447}
	EndGlobalSection
EndGlobal
